
Microsoft Visual Studio Solution File, Format Version 12.00
# Visual Studio Version 17
VisualStudioVersion = 17.2.32519.379
MinimumVisualStudioVersion = 10.0.40219.1
Project("{FAE04EC0-301F-11D3-BF4B-00C04F79EFBC}") = "uac", "uac\uac.csproj", "{1E906846-034F-4749-943C-985A69AF49E3}"
EndProject
Global
	GlobalSection(SolutionConfigurationPlatforms) = preSolution
		Debug|Any CPU = Debug|Any CPU
		Release|Any CPU = Release|Any CPU
	EndGlobalSection
	GlobalSection(ProjectConfigurationPlatforms) = postSolution
		{1E906846-034F-4749-943C-985A69AF49E3}.Debug|Any CPU.ActiveCfg = Debug|Any CPU
		{1E906846-034F-4749-943C-985A69AF49E3}.Debug|Any CPU.Build.0 = Debug|Any CPU
		{1E906846-034F-4749-943C-985A69AF49E3}.Release|Any CPU.ActiveCfg = Release|Any CPU
		{1E906846-034F-4749-943C-985A69AF49E3}.Release|Any CPU.Build.0 = Release|Any CPU
	EndGlobalSection
	GlobalSection(SolutionProperties) = preSolution
		HideSolutionNode = FALSE
	EndGlobalSection
	GlobalSection(ExtensibilityGlobals) = postSolution
		SolutionGuid = {62E2D4AD-EAEE-49D2-8CA8-91FE54C1D3C6}
	EndGlobalSection
EndGlobal
